
Microsoft Visual Studio Solution File, Format Version 12.00
# Visual Studio Version 16
VisualStudioVersion = 16.0.31624.102
MinimumVisualStudioVersion = 10.0.40219.1
Project("{FAE04EC0-301F-11D3-BF4B-00C04F79EFBC}") = "UnturnedWebForum", "UnturnedWebForum.csproj", "{B38F01CC-92E8-4F7B-965C-596B4AD81046}"
EndProject
Global
	GlobalSection(SolutionConfigurationPlatforms) = preSolution
		Debug|Any CPU = Debug|Any CPU
		Release|Any CPU = Release|Any CPU
	EndGlobalSection
	GlobalSection(ProjectConfigurationPlatforms) = postSolution
		{B38F01CC-92E8-4F7B-965C-596B4AD81046}.Debug|Any CPU.ActiveCfg = Debug|Any CPU
		{B38F01CC-92E8-4F7B-965C-596B4AD81046}.Debug|Any CPU.Build.0 = Debug|Any CPU
		{B38F01CC-92E8-4F7B-965C-596B4AD81046}.Release|Any CPU.ActiveCfg = Release|Any CPU
		{B38F01CC-92E8-4F7B-965C-596B4AD81046}.Release|Any CPU.Build.0 = Release|Any CPU
	EndGlobalSection
	GlobalSection(SolutionProperties) = preSolution
		HideSolutionNode = FALSE
	EndGlobalSection
	GlobalSection(ExtensibilityGlobals) = postSolution
		SolutionGuid = {5A8F82AA-16C3-49A4-8F3F-7294A4524608}
	EndGlobalSection
EndGlobal
